// !$*UTF8*$!
{
	archiveVersion = 1;
	classes = {
	};
	objectVersion = 56;
	objects = {

/* Begin PBXBuildFile section */
		1297D8A92C698EBF000F1064 /* DemoApp.swift in Sources */ = {isa = PBXBuildFile; fileRef = 1297D8A82C698EBF000F1064 /* DemoApp.swift */; };
		1297D8AB2C698EBF000F1064 /* ContentView.swift in Sources */ = {isa = PBXBuildFile; fileRef = 1297D8AA2C698EBF000F1064 /* ContentView.swift */; };
		1297D8AF2C698EC0000F1064 /* Assets.xcassets in Resources */ = {isa = PBXBuildFile; fileRef = 1297D8AE2C698EC0000F1064 /* Assets.xcassets */; };
		1297D8B22C698EC0000F1064 /* Preview Assets.xcassets in Resources */ = {isa = PBXBuildFile; fileRef = 1297D8B12C698EC0000F1064 /* Preview Assets.xcassets */; };
		1297D8BD2C698EC0000F1064 /* DemoTests.swift in Sources */ = {isa = PBXBuildFile; fileRef = 1297D8BC2C698EC0000F1064 /* DemoTests.swift */; };
		1297D8C72C698EC0000F1064 /* DemoUITests.swift in Sources */ = {isa = PBXBuildFile; fileRef = 1297D8C62C698EC0000F1064 /* DemoUITests.swift */; };
		1297D8C92C698EC0000F1064 /* DemoUITestsLaunchTests.swift in Sources */ = {isa = PBXBuildFile; fileRef = 1297D8C82C698EC0000F1064 /* DemoUITestsLaunchTests.swift */; };
		1297D8D72C698ED7000F1064 /* FileSystemNavigator in Frameworks */ = {isa = PBXBuildFile; productRef = 1297D8D62C698ED7000F1064 /* FileSystemNavigator */; };
/* End PBXBuildFile section */

/* Begin PBXContainerItemProxy section */
		1297D8B92C698EC0000F1064 /* PBXContainerItemProxy */ = {
			isa = PBXContainerItemProxy;
			containerPortal = 1297D89D2C698EBF000F1064 /* Project object */;
			proxyType = 1;
			remoteGlobalIDString = 1297D8A42C698EBF000F1064;
			remoteInfo = Demo;
		};
		1297D8C32C698EC0000F1064 /* PBXContainerItemProxy */ = {
			isa = PBXContainerItemProxy;
			containerPortal = 1297D89D2C698EBF000F1064 /* Project object */;
			proxyType = 1;
			remoteGlobalIDString = 1297D8A42C698EBF000F1064;
			remoteInfo = Demo;
		};
/* End PBXContainerItemProxy section */

/* Begin PBXFileReference section */
		1297D8A52C698EBF000F1064 /* Demo.app */ = {isa = PBXFileReference; explicitFileType = wrapper.application; includeInIndex = 0; path = Demo.app; sourceTree = BUILT_PRODUCTS_DIR; };
		1297D8A82C698EBF000F1064 /* DemoApp.swift */ = {isa = PBXFileReference; lastKnownFileType = sourcecode.swift; path = DemoApp.swift; sourceTree = "<group>"; };
		1297D8AA2C698EBF000F1064 /* ContentView.swift */ = {isa = PBXFileReference; lastKnownFileType = sourcecode.swift; path = ContentView.swift; sourceTree = "<group>"; };
		1297D8AE2C698EC0000F1064 /* Assets.xcassets */ = {isa = PBXFileReference; lastKnownFileType = folder.assetcatalog; path = Assets.xcassets; sourceTree = "<group>"; };
		1297D8B12C698EC0000F1064 /* Preview Assets.xcassets */ = {isa = PBXFileReference; lastKnownFileType = folder.assetcatalog; path = "Preview Assets.xcassets"; sourceTree = "<group>"; };
		1297D8B32C698EC0000F1064 /* Demo.entitlements */ = {isa = PBXFileReference; lastKnownFileType = text.plist.entitlements; path = Demo.entitlements; sourceTree = "<group>"; };
		1297D8B82C698EC0000F1064 /* DemoTests.xctest */ = {isa = PBXFileReference; explicitFileType = wrapper.cfbundle; includeInIndex = 0; path = DemoTests.xctest; sourceTree = BUILT_PRODUCTS_DIR; };
		1297D8BC2C698EC0000F1064 /* DemoTests.swift */ = {isa = PBXFileReference; lastKnownFileType = sourcecode.swift; path = DemoTests.swift; sourceTree = "<group>"; };
		1297D8C22C698EC0000F1064 /* DemoUITests.xctest */ = {isa = PBXFileReference; explicitFileType = wrapper.cfbundle; includeInIndex = 0; path = DemoUITests.xctest; sourceTree = BUILT_PRODUCTS_DIR; };
		1297D8C62C698EC0000F1064 /* DemoUITests.swift */ = {isa = PBXFileReference; lastKnownFileType = sourcecode.swift; path = DemoUITests.swift; sourceTree = "<group>"; };
		1297D8C82C698EC0000F1064 /* DemoUITestsLaunchTests.swift */ = {isa = PBXFileReference; lastKnownFileType = sourcecode.swift; path = DemoUITestsLaunchTests.swift; sourceTree = "<group>"; };
/* End PBXFileReference section */

/* Begin PBXFrameworksBuildPhase section */
		1297D8A22C698EBF000F1064 /* Frameworks */ = {
			isa = PBXFrameworksBuildPhase;
			buildActionMask = 2147483647;
			files = (
				1297D8D72C698ED7000F1064 /* FileSystemNavigator in Frameworks */,
			);
			runOnlyForDeploymentPostprocessing = 0;
		};
		1297D8B52C698EC0000F1064 /* Frameworks */ = {
			isa = PBXFrameworksBuildPhase;
			buildActionMask = 2147483647;
			files = (
			);
			runOnlyForDeploymentPostprocessing = 0;
		};
		1297D8BF2C698EC0000F1064 /* Frameworks */ = {
			isa = PBXFrameworksBuildPhase;
			buildActionMask = 2147483647;
			files = (
			);
			runOnlyForDeploymentPostprocessing = 0;
		};
/* End PBXFrameworksBuildPhase section */

/* Begin PBXGroup section */
		1297D89C2C698EBF000F1064 = {
			isa = PBXGroup;
			children = (
				1297D8A72C698EBF000F1064 /* Demo */,
				1297D8BB2C698EC0000F1064 /* DemoTests */,
				1297D8C52C698EC0000F1064 /* DemoUITests */,
				1297D8A62C698EBF000F1064 /* Products */,
				1297D8D52C698ED7000F1064 /* Frameworks */,
			);
			sourceTree = "<group>";
		};
		1297D8A62C698EBF000F1064 /* Products */ = {
			isa = PBXGroup;
			children = (
				1297D8A52C698EBF000F1064 /* Demo.app */,
				1297D8B82C698EC0000F1064 /* DemoTests.xctest */,
				1297D8C22C698EC0000F1064 /* DemoUITests.xctest */,
			);
			name = Products;
			sourceTree = "<group>";
		};
		1297D8A72C698EBF000F1064 /* Demo */ = {
			isa = PBXGroup;
			children = (
				1297D8A82C698EBF000F1064 /* DemoApp.swift */,
				1297D8AA2C698EBF000F1064 /* ContentView.swift */,
				1297D8AE2C698EC0000F1064 /* Assets.xcassets */,
				1297D8B32C698EC0000F1064 /* Demo.entitlements */,
				1297D8B02C698EC0000F1064 /* Preview Content */,
			);
			path = Demo;
			sourceTree = "<group>";
		};
		1297D8B02C698EC0000F1064 /* Preview Content */ = {
			isa = PBXGroup;
			children = (
				1297D8B12C698EC0000F1064 /* Preview Assets.xcassets */,
			);
			path = "Preview Content";
			sourceTree = "<group>";
		};
		1297D8BB2C698EC0000F1064 /* DemoTests */ = {
			isa = PBXGroup;
			children = (
				1297D8BC2C698EC0000F1064 /* DemoTests.swift */,
			);
			path = DemoTests;
			sourceTree = "<group>";
		};
		1297D8C52C698EC0000F1064 /* DemoUITests */ = {
			isa = PBXGroup;
			children = (
				1297D8C62C698EC0000F1064 /* DemoUITests.swift */,
				1297D8C82C698EC0000F1064 /* DemoUITestsLaunchTests.swift */,
			);
			path = DemoUITests;
			sourceTree = "<group>";
		};
		1297D8D52C698ED7000F1064 /* Frameworks */ = {
			isa = PBXGroup;
			children = (
			);
			name = Frameworks;
			sourceTree = "<group>";
		};
/* End PBXGroup section */

/* Begin PBXNativeTarget section */
		1297D8A42C698EBF000F1064 /* Demo */ = {
			isa = PBXNativeTarget;
			buildConfigurationList = 1297D8CC2C698EC0000F1064 /* Build configuration list for PBXNativeTarget "Demo" */;
			buildPhases = (
				1297D8A12C698EBF000F1064 /* Sources */,
				1297D8A22C698EBF000F1064 /* Frameworks */,
				1297D8A32C698EBF000F1064 /* Resources */,
			);
			buildRules = (
			);
			dependencies = (
			);
			name = Demo;
			packageProductDependencies = (
				1297D8D62C698ED7000F1064 /* FileSystemNavigator */,
			);
			productName = Demo;
			productReference = 1297D8A52C698EBF000F1064 /* Demo.app */;
			productType = "com.apple.product-type.application";
		};
		1297D8B72C698EC0000F1064 /* DemoTests */ = {
			isa = PBXNativeTarget;
			buildConfigurationList = 1297D8CF2C698EC0000F1064 /* Build configuration list for PBXNativeTarget "DemoTests" */;
			buildPhases = (
				1297D8B42C698EC0000F1064 /* Sources */,
				1297D8B52C698EC0000F1064 /* Frameworks */,
				1297D8B62C698EC0000F1064 /* Resources */,
			);
			buildRules = (
			);
			dependencies = (
				1297D8BA2C698EC0000F1064 /* PBXTargetDependency */,
			);
			name = DemoTests;
			productName = DemoTests;
			productReference = 1297D8B82C698EC0000F1064 /* DemoTests.xctest */;
			productType = "com.apple.product-type.bundle.unit-test";
		};
		1297D8C12C698EC0000F1064 /* DemoUITests */ = {
			isa = PBXNativeTarget;
			buildConfigurationList = 1297D8D22C698EC0000F1064 /* Build configuration list for PBXNativeTarget "DemoUITests" */;
			buildPhases = (
				1297D8BE2C698EC0000F1064 /* Sources */,
				1297D8BF2C698EC0000F1064 /* Frameworks */,
				1297D8C02C698EC0000F1064 /* Resources */,
			);
			buildRules = (
			);
			dependencies = (
				1297D8C42C698EC0000F1064 /* PBXTargetDependency */,
			);
			name = DemoUITests;
			productName = DemoUITests;
			productReference = 1297D8C22C698EC0000F1064 /* DemoUITests.xctest */;
			productType = "com.apple.product-type.bundle.ui-testing";
		};
/* End PBXNativeTarget section */

/* Begin PBXProject section */
		1297D89D2C698EBF000F1064 /* Project object */ = {
			isa = PBXProject;
			attributes = {
				BuildIndependentTargetsInParallel = 1;
				LastSwiftUpdateCheck = 1540;
				LastUpgradeCheck = 1540;
				TargetAttributes = {
					1297D8A42C698EBF000F1064 = {
						CreatedOnToolsVersion = 15.4;
					};
					1297D8B72C698EC0000F1064 = {
						CreatedOnToolsVersion = 15.4;
						TestTargetID = 1297D8A42C698EBF000F1064;
					};
					1297D8C12C698EC0000F1064 = {
						CreatedOnToolsVersion = 15.4;
						TestTargetID = 1297D8A42C698EBF000F1064;
					};
				};
			};
			buildConfigurationList = 1297D8A02C698EBF000F1064 /* Build configuration list for PBXProject "Demo" */;
			compatibilityVersion = "Xcode 14.0";
			developmentRegion = en;
			hasScannedForEncodings = 0;
			knownRegions = (
				en,
				Base,
			);
			mainGroup = 1297D89C2C698EBF000F1064;
			productRefGroup = 1297D8A62C698EBF000F1064 /* Products */;
			projectDirPath = "";
			projectRoot = "";
			targets = (
				1297D8A42C698EBF000F1064 /* Demo */,
				1297D8B72C698EC0000F1064 /* DemoTests */,
				1297D8C12C698EC0000F1064 /* DemoUITests */,
			);
		};
/* End PBXProject section */

/* Begin PBXResourcesBuildPhase section */
		1297D8A32C698EBF000F1064 /* Resources */ = {
			isa = PBXResourcesBuildPhase;
			buildActionMask = 2147483647;
			files = (
				1297D8B22C698EC0000F1064 /* Preview Assets.xcassets in Resources */,
				1297D8AF2C698EC0000F1064 /* Assets.xcassets in Resources */,
			);
			runOnlyForDeploymentPostprocessing = 0;
		};
		1297D8B62C698EC0000F1064 /* Resources */ = {
			isa = PBXResourcesBuildPhase;
			buildActionMask = 2147483647;
			files = (
			);
			runOnlyForDeploymentPostprocessing = 0;
		};
		1297D8C02C698EC0000F1064 /* Resources */ = {
			isa = PBXResourcesBuildPhase;
			buildActionMask = 2147483647;
			files = (
			);
			runOnlyForDeploymentPostprocessing = 0;
		};
/* End PBXResourcesBuildPhase section */

/* Begin PBXSourcesBuildPhase section */
		1297D8A12C698EBF000F1064 /* Sources */ = {
			isa = PBXSourcesBuildPhase;
			buildActionMask = 2147483647;
			files = (
				1297D8AB2C698EBF000F1064 /* ContentView.swift in Sources */,
				1297D8A92C698EBF000F1064 /* DemoApp.swift in Sources */,
			);
			runOnlyForDeploymentPostprocessing = 0;
		};
		1297D8B42C698EC0000F1064 /* Sources */ = {
			isa = PBXSourcesBuildPhase;
			buildActionMask = 2147483647;
			files = (
				1297D8BD2C698EC0000F1064 /* DemoTests.swift in Sources */,
			);
			runOnlyForDeploymentPostprocessing = 0;
		};
		1297D8BE2C698EC0000F1064 /* Sources */ = {
			isa = PBXSourcesBuildPhase;
			buildActionMask = 2147483647;
			files = (
				1297D8C72C698EC0000F1064 /* DemoUITests.swift in Sources */,
				1297D8C92C698EC0000F1064 /* DemoUITestsLaunchTests.swift in Sources */,
			);
			runOnlyForDeploymentPostprocessing = 0;
		};
/* End PBXSourcesBuildPhase section */

/* Begin PBXTargetDependency section */
		1297D8BA2C698EC0000F1064 /* PBXTargetDependency */ = {
			isa = PBXTargetDependency;
			target = 1297D8A42C698EBF000F1064 /* Demo */;
			targetProxy = 1297D8B92C698EC0000F1064 /* PBXContainerItemProxy */;
		};
		1297D8C42C698EC0000F1064 /* PBXTargetDependency */ = {
			isa = PBXTargetDependency;
			target = 1297D8A42C698EBF000F1064 /* Demo */;
			targetProxy = 1297D8C32C698EC0000F1064 /* PBXContainerItemProxy */;
		};
/* End PBXTargetDependency section */

/* Begin XCBuildConfiguration section */
		1297D8CA2C698EC0000F1064 /* Debug */ = {
			isa = XCBuildConfiguration;
			buildSettings = {
				ALWAYS_SEARCH_USER_PATHS = NO;
				ASSETCATALOG_COMPILER_GENERATE_SWIFT_ASSET_SYMBOL_EXTENSIONS = YES;
				CLANG_ANALYZER_NONNULL = YES;
				CLANG_ANALYZER_NUMBER_OBJECT_CONVERSION = YES_AGGRESSIVE;
				CLANG_CXX_LANGUAGE_STANDARD = "gnu++20";
				CLANG_ENABLE_MODULES = YES;
				CLANG_ENABLE_OBJC_ARC = YES;
				CLANG_ENABLE_OBJC_WEAK = YES;
				CLANG_WARN_BLOCK_CAPTURE_AUTORELEASING = YES;
				CLANG_WARN_BOOL_CONVERSION = YES;
				CLANG_WARN_COMMA = YES;
				CLANG_WARN_CONSTANT_CONVERSION = YES;
				CLANG_WARN_DEPRECATED_OBJC_IMPLEMENTATIONS = YES;
				CLANG_WARN_DIRECT_OBJC_ISA_USAGE = YES_ERROR;
				CLANG_WARN_DOCUMENTATION_COMMENTS = YES;
				CLANG_WARN_EMPTY_BODY = YES;
				CLANG_WARN_ENUM_CONVERSION = YES;
				CLANG_WARN_INFINITE_RECURSION = YES;
				CLANG_WARN_INT_CONVERSION = YES;
				CLANG_WARN_NON_LITERAL_NULL_CONVERSION = YES;
				CLANG_WARN_OBJC_IMPLICIT_RETAIN_SELF = YES;
				CLANG_WARN_OBJC_LITERAL_CONVERSION = YES;
				CLANG_WARN_OBJC_ROOT_CLASS = YES_ERROR;
				CLANG_WARN_QUOTED_INCLUDE_IN_FRAMEWORK_HEADER = YES;
				CLANG_WARN_RANGE_LOOP_ANALYSIS = YES;
				CLANG_WARN_STRICT_PROTOTYPES = YES;
				CLANG_WARN_SUSPICIOUS_MOVE = YES;
				CLANG_WARN_UNGUARDED_AVAILABILITY = YES_AGGRESSIVE;
				CLANG_WARN_UNREACHABLE_CODE = YES;
				CLANG_WARN__DUPLICATE_METHOD_MATCH = YES;
				COPY_PHASE_STRIP = NO;
				DEBUG_INFORMATION_FORMAT = dwarf;
				ENABLE_STRICT_OBJC_MSGSEND = YES;
				ENABLE_TESTABILITY = YES;
				ENABLE_USER_SCRIPT_SANDBOXING = YES;
				GCC_C_LANGUAGE_STANDARD = gnu17;
				GCC_DYNAMIC_NO_PIC = NO;
				GCC_NO_COMMON_BLOCKS = YES;
				GCC_OPTIMIZATION_LEVEL = 0;
				GCC_PREPROCESSOR_DEFINITIONS = (
					"DEBUG=1",
					"$(inherited)",
				);
				GCC_WARN_64_TO_32_BIT_CONVERSION = YES;
				GCC_WARN_ABOUT_RETURN_TYPE = YES_ERROR;
				GCC_WARN_UNDECLARED_SELECTOR = YES;
				GCC_WARN_UNINITIALIZED_AUTOS = YES_AGGRESSIVE;
				GCC_WARN_UNUSED_FUNCTION = YES;
				GCC_WARN_UNUSED_VARIABLE = YES;
				LOCALIZATION_PREFERS_STRING_CATALOGS = YES;
				MACOSX_DEPLOYMENT_TARGET = 14.5;
				MTL_ENABLE_DEBUG_INFO = INCLUDE_SOURCE;
				MTL_FAST_MATH = YES;
				ONLY_ACTIVE_ARCH = YES;
				SDKROOT = macosx;
				SWIFT_ACTIVE_COMPILATION_CONDITIONS = "DEBUG $(inherited)";
				SWIFT_OPTIMIZATION_LEVEL = "-Onone";
			};
			name = Debug;
		};
		1297D8CB2C698EC0000F1064 /* Release */ = {
			isa = XCBuildConfiguration;
			buildSettings = {
				ALWAYS_SEARCH_USER_PATHS = NO;
				ASSETCATALOG_COMPILER_GENERATE_SWIFT_ASSET_SYMBOL_EXTENSIONS = YES;
				CLANG_ANALYZER_NONNULL = YES;
				CLANG_ANALYZER_NUMBER_OBJECT_CONVERSION = YES_AGGRESSIVE;
				CLANG_CXX_LANGUAGE_STANDARD = "gnu++20";
				CLANG_ENABLE_MODULES = YES;
				CLANG_ENABLE_OBJC_ARC = YES;
				CLANG_ENABLE_OBJC_WEAK = YES;
				CLANG_WARN_BLOCK_CAPTURE_AUTORELEASING = YES;
				CLANG_WARN_BOOL_CONVERSION = YES;
				CLANG_WARN_COMMA = YES;
				CLANG_WARN_CONSTANT_CONVERSION = YES;
				CLANG_WARN_DEPRECATED_OBJC_IMPLEMENTATIONS = YES;
				CLANG_WARN_DIRECT_OBJC_ISA_USAGE = YES_ERROR;
				CLANG_WARN_DOCUMENTATION_COMMENTS = YES;
				CLANG_WARN_EMPTY_BODY = YES;
				CLANG_WARN_ENUM_CONVERSION = YES;
				CLANG_WARN_INFINITE_RECURSION = YES;
				CLANG_WARN_INT_CONVERSION = YES;
				CLANG_WARN_NON_LITERAL_NULL_CONVERSION = YES;
				CLANG_WARN_OBJC_IMPLICIT_RETAIN_SELF = YES;
				CLANG_WARN_OBJC_LITERAL_CONVERSION = YES;
				CLANG_WARN_OBJC_ROOT_CLASS = YES_ERROR;
				CLANG_WARN_QUOTED_INCLUDE_IN_FRAMEWORK_HEADER = YES;
				CLANG_WARN_RANGE_LOOP_ANALYSIS = YES;
				CLANG_WARN_STRICT_PROTOTYPES = YES;
				CLANG_WARN_SUSPICIOUS_MOVE = YES;
				CLANG_WARN_UNGUARDED_AVAILABILITY = YES_AGGRESSIVE;
				CLANG_WARN_UNREACHABLE_CODE = YES;
				CLANG_WARN__DUPLICATE_METHOD_MATCH = YES;
				COPY_PHASE_STRIP = NO;
				DEBUG_INFORMATION_FORMAT = "dwarf-with-dsym";
				ENABLE_NS_ASSERTIONS = NO;
				ENABLE_STRICT_OBJC_MSGSEND = YES;
				ENABLE_USER_SCRIPT_SANDBOXING = YES;
				GCC_C_LANGUAGE_STANDARD = gnu17;
				GCC_NO_COMMON_BLOCKS = YES;
				GCC_WARN_64_TO_32_BIT_CONVERSION = YES;
				GCC_WARN_ABOUT_RETURN_TYPE = YES_ERROR;
				GCC_WARN_UNDECLARED_SELECTOR = YES;
				GCC_WARN_UNINITIALIZED_AUTOS = YES_AGGRESSIVE;
				GCC_WARN_UNUSED_FUNCTION = YES;
				GCC_WARN_UNUSED_VARIABLE = YES;
				LOCALIZATION_PREFERS_STRING_CATALOGS = YES;
				MACOSX_DEPLOYMENT_TARGET = 14.5;
				MTL_ENABLE_DEBUG_INFO = NO;
				MTL_FAST_MATH = YES;
				SDKROOT = macosx;
				SWIFT_COMPILATION_MODE = wholemodule;
			};
			name = Release;
		};
		1297D8CD2C698EC0000F1064 /* Debug */ = {
			isa = XCBuildConfiguration;
			buildSettings = {
				ASSETCATALOG_COMPILER_APPICON_NAME = AppIcon;
				ASSETCATALOG_COMPILER_GLOBAL_ACCENT_COLOR_NAME = AccentColor;
				CODE_SIGN_ENTITLEMENTS = Demo/Demo.entitlements;
				CODE_SIGN_STYLE = Automatic;
				COMBINE_HIDPI_IMAGES = YES;
				CURRENT_PROJECT_VERSION = 1;
				DEVELOPMENT_ASSET_PATHS = "\"Demo/Preview Content\"";
				DEVELOPMENT_TEAM = WWCKBW8CKN;
				ENABLE_HARDENED_RUNTIME = YES;
				ENABLE_PREVIEWS = YES;
				GENERATE_INFOPLIST_FILE = YES;
				INFOPLIST_KEY_NSHumanReadableCopyright = "";
				LD_RUNPATH_SEARCH_PATHS = (
					"$(inherited)",
					"@executable_path/../Frameworks",
				);
				MACOSX_DEPLOYMENT_TARGET = 14.0;
				MARKETING_VERSION = 1.0;
				PRODUCT_BUNDLE_IDENTIFIER = team.stamp.Demo;
				PRODUCT_NAME = "$(TARGET_NAME)";
				SWIFT_EMIT_LOC_STRINGS = YES;
				SWIFT_VERSION = 5.0;
			};
			name = Debug;
		};
		1297D8CE2C698EC0000F1064 /* Release */ = {
			isa = XCBuildConfiguration;
			buildSettings = {
				ASSETCATALOG_COMPILER_APPICON_NAME = AppIcon;
				ASSETCATALOG_COMPILER_GLOBAL_ACCENT_COLOR_NAME = AccentColor;
				CODE_SIGN_ENTITLEMENTS = Demo/Demo.entitlements;
				CODE_SIGN_STYLE = Automatic;
				COMBINE_HIDPI_IMAGES = YES;
				CURRENT_PROJECT_VERSION = 1;
				DEVELOPMENT_ASSET_PATHS = "\"Demo/Preview Content\"";
				DEVELOPMENT_TEAM = WWCKBW8CKN;
				ENABLE_HARDENED_RUNTIME = YES;
				ENABLE_PREVIEWS = YES;
				GENERATE_INFOPLIST_FILE = YES;
				INFOPLIST_KEY_NSHumanReadableCopyright = "";
				LD_RUNPATH_SEARCH_PATHS = (
					"$(inherited)",
					"@executable_path/../Frameworks",
				);
				MACOSX_DEPLOYMENT_TARGET = 14.0;
				MARKETING_VERSION = 1.0;
				PRODUCT_BUNDLE_IDENTIFIER = team.stamp.Demo;
				PRODUCT_NAME = "$(TARGET_NAME)";
				SWIFT_EMIT_LOC_STRINGS = YES;
				SWIFT_VERSION = 5.0;
			};
			name = Release;
		};
		1297D8D02C698EC0000F1064 /* Debug */ = {
			isa = XCBuildConfiguration;
			buildSettings = {
				ALWAYS_EMBED_SWIFT_STANDARD_LIBRARIES = YES;
				BUNDLE_LOADER = "$(TEST_HOST)";
				CODE_SIGN_STYLE = Automatic;
				CURRENT_PROJECT_VERSION = 1;
				DEVELOPMENT_TEAM = WWCKBW8CKN;
				GENERATE_INFOPLIST_FILE = YES;
				MACOSX_DEPLOYMENT_TARGET = 14.0;
				MARKETING_VERSION = 1.0;
				PRODUCT_BUNDLE_IDENTIFIER = team.stamp.DemoTests;
				PRODUCT_NAME = "$(TARGET_NAME)";
				SWIFT_EMIT_LOC_STRINGS = NO;
				SWIFT_VERSION = 5.0;
				TEST_HOST = "$(BUILT_PRODUCTS_DIR)/Demo.app/$(BUNDLE_EXECUTABLE_FOLDER_PATH)/Demo";
			};
			name = Debug;
		};
		1297D8D12C698EC0000F1064 /* Release */ = {
			isa = XCBuildConfiguration;
			buildSettings = {
				ALWAYS_EMBED_SWIFT_STANDARD_LIBRARIES = YES;
				BUNDLE_LOADER = "$(TEST_HOST)";
				CODE_SIGN_STYLE = Automatic;
				CURRENT_PROJECT_VERSION = 1;
				DEVELOPMENT_TEAM = WWCKBW8CKN;
				GENERATE_INFOPLIST_FILE = YES;
				MACOSX_DEPLOYMENT_TARGET = 14.0;
				MARKETING_VERSION = 1.0;
				PRODUCT_BUNDLE_IDENTIFIER = team.stamp.DemoTests;
				PRODUCT_NAME = "$(TARGET_NAME)";
				SWIFT_EMIT_LOC_STRINGS = NO;
				SWIFT_VERSION = 5.0;
				TEST_HOST = "$(BUILT_PRODUCTS_DIR)/Demo.app/$(BUNDLE_EXECUTABLE_FOLDER_PATH)/Demo";
			};
			name = Release;
		};
		1297D8D32C698EC0000F1064 /* Debug */ = {
			isa = XCBuildConfiguration;
			buildSettings = {
				ALWAYS_EMBED_SWIFT_STANDARD_LIBRARIES = YES;
				CODE_SIGN_STYLE = Automatic;
				CURRENT_PROJECT_VERSION = 1;
				DEVELOPMENT_TEAM = WWCKBW8CKN;
				GENERATE_INFOPLIST_FILE = YES;
				MARKETING_VERSION = 1.0;
				PRODUCT_BUNDLE_IDENTIFIER = team.stamp.DemoUITests;
				PRODUCT_NAME = "$(TARGET_NAME)";
				SWIFT_EMIT_LOC_STRINGS = NO;
				SWIFT_VERSION = 5.0;
				TEST_TARGET_NAME = Demo;
			};
			name = Debug;
		};
		1297D8D42C698EC0000F1064 /* Release */ = {
			isa = XCBuildConfiguration;
			buildSettings = {
				ALWAYS_EMBED_SWIFT_STANDARD_LIBRARIES = YES;
				CODE_SIGN_STYLE = Automatic;
				CURRENT_PROJECT_VERSION = 1;
				DEVELOPMENT_TEAM = WWCKBW8CKN;
				GENERATE_INFOPLIST_FILE = YES;
				MARKETING_VERSION = 1.0;
				PRODUCT_BUNDLE_IDENTIFIER = team.stamp.DemoUITests;
				PRODUCT_NAME = "$(TARGET_NAME)";
				SWIFT_EMIT_LOC_STRINGS = NO;
				SWIFT_VERSION = 5.0;
				TEST_TARGET_NAME = Demo;
			};
			name = Release;
		};
/* End XCBuildConfiguration section */

/* Begin XCConfigurationList section */
		1297D8A02C698EBF000F1064 /* Build configuration list for PBXProject "Demo" */ = {
			isa = XCConfigurationList;
			buildConfigurations = (
				1297D8CA2C698EC0000F1064 /* Debug */,
				1297D8CB2C698EC0000F1064 /* Release */,
			);
			defaultConfigurationIsVisible = 0;
			defaultConfigurationName = Release;
		};
		1297D8CC2C698EC0000F1064 /* Build configuration list for PBXNativeTarget "Demo" */ = {
			isa = XCConfigurationList;
			buildConfigurations = (
				1297D8CD2C698EC0000F1064 /* Debug */,
				1297D8CE2C698EC0000F1064 /* Release */,
			);
			defaultConfigurationIsVisible = 0;
			defaultConfigurationName = Release;
		};
		1297D8CF2C698EC0000F1064 /* Build configuration list for PBXNativeTarget "DemoTests" */ = {
			isa = XCConfigurationList;
			buildConfigurations = (
				1297D8D02C698EC0000F1064 /* Debug */,
				1297D8D12C698EC0000F1064 /* Release */,
			);
			defaultConfigurationIsVisible = 0;
			defaultConfigurationName = Release;
		};
		1297D8D22C698EC0000F1064 /* Build configuration list for PBXNativeTarget "DemoUITests" */ = {
			isa = XCConfigurationList;
			buildConfigurations = (
				1297D8D32C698EC0000F1064 /* Debug */,
				1297D8D42C698EC0000F1064 /* Release */,
			);
			defaultConfigurationIsVisible = 0;
			defaultConfigurationName = Release;
		};
/* End XCConfigurationList section */

/* Begin XCSwiftPackageProductDependency section */
		1297D8D62C698ED7000F1064 /* FileSystemNavigator */ = {
			isa = XCSwiftPackageProductDependency;
			productName = FileSystemNavigator;
		};
/* End XCSwiftPackageProductDependency section */
	};
	rootObject = 1297D89D2C698EBF000F1064 /* Project object */;
}
